
Microsoft Visual Studio Solution File, Format Version 12.00
# Visual Studio Version 17
VisualStudioVersion = 17.8.34511.84
MinimumVisualStudioVersion = 10.0.40219.1
Project("{FAE04EC0-301F-11D3-BF4B-00C04F79EFBC}") = "ATV6_CJ3022498", "ATV6_CJ3022498\ATV6_CJ3022498.csproj", "{197DCA82-C276-488F-9ACE-2D66FB6E9191}"
EndProject
Global
	GlobalSection(SolutionConfigurationPlatforms) = preSolution
		Debug|Any CPU = Debug|Any CPU
		Release|Any CPU = Release|Any CPU
	EndGlobalSection
	GlobalSection(ProjectConfigurationPlatforms) = postSolution
		{197DCA82-C276-488F-9ACE-2D66FB6E9191}.Debug|Any CPU.ActiveCfg = Debug|Any CPU
		{197DCA82-C276-488F-9ACE-2D66FB6E9191}.Debug|Any CPU.Build.0 = Debug|Any CPU
		{197DCA82-C276-488F-9ACE-2D66FB6E9191}.Release|Any CPU.ActiveCfg = Release|Any CPU
		{197DCA82-C276-488F-9ACE-2D66FB6E9191}.Release|Any CPU.Build.0 = Release|Any CPU
	EndGlobalSection
	GlobalSection(SolutionProperties) = preSolution
		HideSolutionNode = FALSE
	EndGlobalSection
	GlobalSection(ExtensibilityGlobals) = postSolution
		SolutionGuid = {7E7AFBA9-8CE3-4E7E-8541-016175C9B485}
	EndGlobalSection
EndGlobal
